lockfileVersion: '9.0'

settings:
  autoInstallPeers: true
  excludeLinksFromLockfile: false

importers:

  .:
    dependencies:
      '@faker-js/faker':
        specifier: ^8.4.1
        version: 8.4.1
      '@types/googlemaps':
        specifier: ^3.43.3
        version: 3.43.3
    devDependencies:
      cz-emoji:
        specifier: 1.3.2-canary.2
        version: 1.3.2-canary.2
      typescript:
        specifier: ^5.2.2
        version: 5.5.4
      vite:
        specifier: ^5.3.4
        version: 5.3.5

packages:

  '@babel/code-frame@7.24.7':
    resolution: {integrity: sha512-BcYH1CVJBO9tvyIZ2jVeXgSIMvGZ2FDRvDdOIVQyuklNKSsx+eppDEBq/g47Ayw+RqNFE+URvOShmf+f/qwAlA==}
    engines: {node: '>=6.9.0'}

  '@babel/helper-validator-identifier@7.24.7':
    resolution: {integrity: sha512-rR+PBcQ1SMQDDyF6X0wxtG8QyLCgUB0eRAGguqRLfkCA87l7yAP7ehq8SNj96OOGTO8OBV70KhuFYcIkHXOg0w==}
    engines: {node: '>=6.9.0'}

  '@babel/highlight@7.24.7':
    resolution: {integrity: sha512-EStJpq4OuY8xYfhGVXngigBJRWxftKX9ksiGDnmlY3o7B/V7KIAc9X4oiK87uPJSc/vs5L869bem5fhZa8caZw==}
    engines: {node: '>=6.9.0'}

  '@esbuild/aix-ppc64@0.21.5':
    resolution: {integrity: sha512-1SDgH6ZSPTlggy1yI6+Dbkiz8xzpHJEVAlF/AM1tHPLsf5STom9rwtjE4hKAF20FfXXNTFqEYXyJNWh1GiZedQ==}
    engines: {node: '>=12'}
    cpu: [ppc64]
    os: [aix]

  '@esbuild/android-arm64@0.21.5':
    resolution: {integrity: sha512-c0uX9VAUBQ7dTDCjq+wdyGLowMdtR/GoC2U5IYk/7D1H1JYC0qseD7+11iMP2mRLN9RcCMRcjC4YMclCzGwS/A==}
    engines: {node: '>=12'}
    cpu: [arm64]
    os: [android]

  '@esbuild/android-arm@0.21.5':
    resolution: {integrity: sha512-vCPvzSjpPHEi1siZdlvAlsPxXl7WbOVUBBAowWug4rJHb68Ox8KualB+1ocNvT5fjv6wpkX6o/iEpbDrf68zcg==}
    engines: {node: '>=12'}
    cpu: [arm]
    os: [android]

  '@esbuild/android-x64@0.21.5':
    resolution: {integrity: sha512-D7aPRUUNHRBwHxzxRvp856rjUHRFW1SdQATKXH2hqA0kAZb1hKmi02OpYRacl0TxIGz/ZmXWlbZgjwWYaCakTA==}
    engines: {node: '>=12'}
    cpu: [x64]
    os: [android]

  '@esbuild/darwin-arm64@0.21.5':
    resolution: {integrity: sha512-DwqXqZyuk5AiWWf3UfLiRDJ5EDd49zg6O9wclZ7kUMv2WRFr4HKjXp/5t8JZ11QbQfUS6/cRCKGwYhtNAY88kQ==}
    engines: {node: '>=12'}
    cpu: [arm64]
    os: [darwin]

  '@esbuild/darwin-x64@0.21.5':
    resolution: {integrity: sha512-se/JjF8NlmKVG4kNIuyWMV/22ZaerB+qaSi5MdrXtd6R08kvs2qCN4C09miupktDitvh8jRFflwGFBQcxZRjbw==}
    engines: {node: '>=12'}
    cpu: [x64]
    os: [darwin]

  '@esbuild/freebsd-arm64@0.21.5':
    resolution: {integrity: sha512-5JcRxxRDUJLX8JXp/wcBCy3pENnCgBR9bN6JsY4OmhfUtIHe3ZW0mawA7+RDAcMLrMIZaf03NlQiX9DGyB8h4g==}
    engines: {node: '>=12'}
    cpu: [arm64]
    os: [freebsd]

  '@esbuild/freebsd-x64@0.21.5':
    resolution: {integrity: sha512-J95kNBj1zkbMXtHVH29bBriQygMXqoVQOQYA+ISs0/2l3T9/kj42ow2mpqerRBxDJnmkUDCaQT/dfNXWX/ZZCQ==}
    engines: {node: '>=12'}
    cpu: [x64]
    os: [freebsd]

  '@esbuild/linux-arm64@0.21.5':
    resolution: {integrity: sha512-ibKvmyYzKsBeX8d8I7MH/TMfWDXBF3db4qM6sy+7re0YXya+K1cem3on9XgdT2EQGMu4hQyZhan7TeQ8XkGp4Q==}
    engines: {node: '>=12'}
    cpu: [arm64]
    os: [linux]

  '@esbuild/linux-arm@0.21.5':
    resolution: {integrity: sha512-bPb5AHZtbeNGjCKVZ9UGqGwo8EUu4cLq68E95A53KlxAPRmUyYv2D6F0uUI65XisGOL1hBP5mTronbgo+0bFcA==}
    engines: {node: '>=12'}
    cpu: [arm]
    os: [linux]

  '@esbuild/linux-ia32@0.21.5':
    resolution: {integrity: sha512-YvjXDqLRqPDl2dvRODYmmhz4rPeVKYvppfGYKSNGdyZkA01046pLWyRKKI3ax8fbJoK5QbxblURkwK/MWY18Tg==}
    engines: {node: '>=12'}
    cpu: [ia32]
    os: [linux]

  '@esbuild/linux-loong64@0.21.5':
    resolution: {integrity: sha512-uHf1BmMG8qEvzdrzAqg2SIG/02+4/DHB6a9Kbya0XDvwDEKCoC8ZRWI5JJvNdUjtciBGFQ5PuBlpEOXQj+JQSg==}
    engines: {node: '>=12'}
    cpu: [loong64]
    os: [linux]

  '@esbuild/linux-mips64el@0.21.5':
    resolution: {integrity: sha512-IajOmO+KJK23bj52dFSNCMsz1QP1DqM6cwLUv3W1QwyxkyIWecfafnI555fvSGqEKwjMXVLokcV5ygHW5b3Jbg==}
    engines: {node: '>=12'}
    cpu: [mips64el]
    os: [linux]

  '@esbuild/linux-ppc64@0.21.5':
    resolution: {integrity: sha512-1hHV/Z4OEfMwpLO8rp7CvlhBDnjsC3CttJXIhBi+5Aj5r+MBvy4egg7wCbe//hSsT+RvDAG7s81tAvpL2XAE4w==}
    engines: {node: '>=12'}
    cpu: [ppc64]
    os: [linux]

  '@esbuild/linux-riscv64@0.21.5':
    resolution: {integrity: sha512-2HdXDMd9GMgTGrPWnJzP2ALSokE/0O5HhTUvWIbD3YdjME8JwvSCnNGBnTThKGEB91OZhzrJ4qIIxk/SBmyDDA==}
    engines: {node: '>=12'}
    cpu: [riscv64]
    os: [linux]

  '@esbuild/linux-s390x@0.21.5':
    resolution: {integrity: sha512-zus5sxzqBJD3eXxwvjN1yQkRepANgxE9lgOW2qLnmr8ikMTphkjgXu1HR01K4FJg8h1kEEDAqDcZQtbrRnB41A==}
    engines: {node: '>=12'}
    cpu: [s390x]
    os: [linux]

  '@esbuild/linux-x64@0.21.5':
    resolution: {integrity: sha512-1rYdTpyv03iycF1+BhzrzQJCdOuAOtaqHTWJZCWvijKD2N5Xu0TtVC8/+1faWqcP9iBCWOmjmhoH94dH82BxPQ==}
    engines: {node: '>=12'}
    cpu: [x64]
    os: [linux]

  '@esbuild/netbsd-x64@0.21.5':
    resolution: {integrity: sha512-Woi2MXzXjMULccIwMnLciyZH4nCIMpWQAs049KEeMvOcNADVxo0UBIQPfSmxB3CWKedngg7sWZdLvLczpe0tLg==}
    engines: {node: '>=12'}
    cpu: [x64]
    os: [netbsd]

  '@esbuild/openbsd-x64@0.21.5':
    resolution: {integrity: sha512-HLNNw99xsvx12lFBUwoT8EVCsSvRNDVxNpjZ7bPn947b8gJPzeHWyNVhFsaerc0n3TsbOINvRP2byTZ5LKezow==}
    engines: {node: '>=12'}
    cpu: [x64]
    os: [openbsd]

  '@esbuild/sunos-x64@0.21.5':
    resolution: {integrity: sha512-6+gjmFpfy0BHU5Tpptkuh8+uw3mnrvgs+dSPQXQOv3ekbordwnzTVEb4qnIvQcYXq6gzkyTnoZ9dZG+D4garKg==}
    engines: {node: '>=12'}
    cpu: [x64]
    os: [sunos]

  '@esbuild/win32-arm64@0.21.5':
    resolution: {integrity: sha512-Z0gOTd75VvXqyq7nsl93zwahcTROgqvuAcYDUr+vOv8uHhNSKROyU961kgtCD1e95IqPKSQKH7tBTslnS3tA8A==}
    engines: {node: '>=12'}
    cpu: [arm64]
    os: [win32]

  '@esbuild/win32-ia32@0.21.5':
    resolution: {integrity: sha512-SWXFF1CL2RVNMaVs+BBClwtfZSvDgtL//G/smwAc5oVK/UPu2Gu9tIaRgFmYFFKrmg3SyAjSrElf0TiJ1v8fYA==}
    engines: {node: '>=12'}
    cpu: [ia32]
    os: [win32]

  '@esbuild/win32-x64@0.21.5':
    resolution: {integrity: sha512-tQd/1efJuzPC6rCFwEvLtci/xNFcTZknmXs98FYDfGE4wP9ClFV98nyKrzJKVPMhdDnjzLhdUyMX4PsQAPjwIw==}
    engines: {node: '>=12'}
    cpu: [x64]
    os: [win32]

  '@faker-js/faker@8.4.1':
    resolution: {integrity: sha512-XQ3cU+Q8Uqmrbf2e0cIC/QN43sTBSC8KF12u29Mb47tWrt2hAgBXSgpZMj4Ao8Uk0iJcU99QsOCaIL8934obCg==}
    engines: {node: ^14.17.0 || ^16.13.0 || >=18.0.0, npm: '>=6.14.13'}

  '@rollup/rollup-android-arm-eabi@4.19.2':
    resolution: {integrity: sha512-OHflWINKtoCFSpm/WmuQaWW4jeX+3Qt3XQDepkkiFTsoxFc5BpF3Z5aDxFZgBqRjO6ATP5+b1iilp4kGIZVWlA==}
    cpu: [arm]
    os: [android]

  '@rollup/rollup-android-arm64@4.19.2':
    resolution: {integrity: sha512-k0OC/b14rNzMLDOE6QMBCjDRm3fQOHAL8Ldc9bxEWvMo4Ty9RY6rWmGetNTWhPo+/+FNd1lsQYRd0/1OSix36A==}
    cpu: [arm64]
    os: [android]

  '@rollup/rollup-darwin-arm64@4.19.2':
    resolution: {integrity: sha512-IIARRgWCNWMTeQH+kr/gFTHJccKzwEaI0YSvtqkEBPj7AshElFq89TyreKNFAGh5frLfDCbodnq+Ye3dqGKPBw==}
    cpu: [arm64]
    os: [darwin]

  '@rollup/rollup-darwin-x64@4.19.2':
    resolution: {integrity: sha512-52udDMFDv54BTAdnw+KXNF45QCvcJOcYGl3vQkp4vARyrcdI/cXH8VXTEv/8QWfd6Fru8QQuw1b2uNersXOL0g==}
    cpu: [x64]
    os: [darwin]

  '@rollup/rollup-linux-arm-gnueabihf@4.19.2':
    resolution: {integrity: sha512-r+SI2t8srMPYZeoa1w0o/AfoVt9akI1ihgazGYPQGRilVAkuzMGiTtexNZkrPkQsyFrvqq/ni8f3zOnHw4hUbA==}
    cpu: [arm]
    os: [linux]

  '@rollup/rollup-linux-arm-musleabihf@4.19.2':
    resolution: {integrity: sha512-+tYiL4QVjtI3KliKBGtUU7yhw0GMcJJuB9mLTCEauHEsqfk49gtUBXGtGP3h1LW8MbaTY6rSFIQV1XOBps1gBA==}
    cpu: [arm]
    os: [linux]

  '@rollup/rollup-linux-arm64-gnu@4.19.2':
    resolution: {integrity: sha512-OR5DcvZiYN75mXDNQQxlQPTv4D+uNCUsmSCSY2FolLf9W5I4DSoJyg7z9Ea3TjKfhPSGgMJiey1aWvlWuBzMtg==}
    cpu: [arm64]
    os: [linux]

  '@rollup/rollup-linux-arm64-musl@4.19.2':
    resolution: {integrity: sha512-Hw3jSfWdUSauEYFBSFIte6I8m6jOj+3vifLg8EU3lreWulAUpch4JBjDMtlKosrBzkr0kwKgL9iCfjA8L3geoA==}
    cpu: [arm64]
    os: [linux]

  '@rollup/rollup-linux-powerpc64le-gnu@4.19.2':
    resolution: {integrity: sha512-rhjvoPBhBwVnJRq/+hi2Q3EMiVF538/o9dBuj9TVLclo9DuONqt5xfWSaE6MYiFKpo/lFPJ/iSI72rYWw5Hc7w==}
    cpu: [ppc64]
    os: [linux]

  '@rollup/rollup-linux-riscv64-gnu@4.19.2':
    resolution: {integrity: sha512-EAz6vjPwHHs2qOCnpQkw4xs14XJq84I81sDRGPEjKPFVPBw7fwvtwhVjcZR6SLydCv8zNK8YGFblKWd/vRmP8g==}
    cpu: [riscv64]
    os: [linux]

  '@rollup/rollup-linux-s390x-gnu@4.19.2':
    resolution: {integrity: sha512-IJSUX1xb8k/zN9j2I7B5Re6B0NNJDJ1+soezjNojhT8DEVeDNptq2jgycCOpRhyGj0+xBn7Cq+PK7Q+nd2hxLA==}
    cpu: [s390x]
    os: [linux]

  '@rollup/rollup-linux-x64-gnu@4.19.2':
    resolution: {integrity: sha512-OgaToJ8jSxTpgGkZSkwKE+JQGihdcaqnyHEFOSAU45utQ+yLruE1dkonB2SDI8t375wOKgNn8pQvaWY9kPzxDQ==}
    cpu: [x64]
    os: [linux]

  '@rollup/rollup-linux-x64-musl@4.19.2':
    resolution: {integrity: sha512-5V3mPpWkB066XZZBgSd1lwozBk7tmOkKtquyCJ6T4LN3mzKENXyBwWNQn8d0Ci81hvlBw5RoFgleVpL6aScLYg==}
    cpu: [x64]
    os: [linux]

  '@rollup/rollup-win32-arm64-msvc@4.19.2':
    resolution: {integrity: sha512-ayVstadfLeeXI9zUPiKRVT8qF55hm7hKa+0N1V6Vj+OTNFfKSoUxyZvzVvgtBxqSb5URQ8sK6fhwxr9/MLmxdA==}
    cpu: [arm64]
    os: [win32]

  '@rollup/rollup-win32-ia32-msvc@4.19.2':
    resolution: {integrity: sha512-Mda7iG4fOLHNsPqjWSjANvNZYoW034yxgrndof0DwCy0D3FvTjeNo+HGE6oGWgvcLZNLlcp0hLEFcRs+UGsMLg==}
    cpu: [ia32]
    os: [win32]

  '@rollup/rollup-win32-x64-msvc@4.19.2':
    resolution: {integrity: sha512-DPi0ubYhSow/00YqmG1jWm3qt1F8aXziHc/UNy8bo9cpCacqhuWu+iSq/fp2SyEQK7iYTZ60fBU9cat3MXTjIQ==}
    cpu: [x64]
    os: [win32]

  '@types/estree@1.0.5':
    resolution: {integrity: sha512-/kYRxGDLWzHOB7q+wtSUQlFrtcdUccpfy+X+9iMBpHK8QLLhx2wIPYuS5DYtR9Wa/YlZAbIovy7qVdB1Aq6Lyw==}

  '@types/googlemaps@3.43.3':
    resolution: {integrity: sha512-ZWNoz/O8MPEpiajvj7QiqCY8tTLFNqNZ/a+s+zTV58wFVNAvvqV4bdGfnsjTb5Cs4V6wEsLrX8XRhmnyYJ2Tdg==}
    deprecated: 'Types for the Google Maps browser API have moved to @types/google.maps. Note: these types are not for the googlemaps npm package, which is a Node API.'

  '@types/normalize-package-data@2.4.4':
    resolution: {integrity: sha512-37i+OaWTh9qeK4LSHPsyRC7NahnGotNuZvjLSgcPzblpHB3rrCJxAOgI5gCdKm7coonsaX1Of0ILiTcnZjbfxA==}

  ansi-escapes@2.0.0:
    resolution: {integrity: sha512-tH/fSoQp4DrEodDK3QpdiWiZTSe7sBJ9eOqcQBZ0o9HTM+5M/viSEn+sPMoTuPjQQ8n++w3QJoPEjt8LVPcrCg==}
    engines: {node: '>=4'}

  ansi-escapes@3.2.0:
    resolution: {integrity: sha512-cBhpre4ma+U0T1oM5fXg7Dy1Jw7zzwv7lt/GoCpr+hDQJoYnKVPLL4dCvSEFMmQurOQvSrwT7SL/DAlhBI97RQ==}
    engines: {node: '>=4'}

  ansi-regex@3.0.1:
    resolution: {integrity: sha512-+O9Jct8wf++lXxxFc4hc8LsjaSq0HFzzL7cVsw8pRDIPdjKD2mT4ytDZlLuSBZ4cLKZFXIrMGO7DbQCtMJJMKw==}
    engines: {node: '>=4'}

  ansi-regex@5.0.1:
    resolution: {integrity: sha512-quJQXlTSUGL2LH9SUXo8VwsY4soanhgo6LNSm84E1LBcE8s3O0wpdiRzyR9z/ZZJMlMWv37qOOb9pdJlMUEKFQ==}
    engines: {node: '>=8'}

  ansi-styles@3.2.1:
    resolution: {integrity: sha512-VT0ZI6kZRdTh8YyJw3SMbYm/u+NqfsAxEpWO0Pf9sq8/e94WxxOpPKx9FR1FlyCtOVDNOQ+8ntlqFxiRc+r5qA==}
    engines: {node: '>=4'}

  ansi-styles@4.3.0:
    resolution: {integrity: sha512-zbB9rCJAT1rbjiVDb2hqKFHNYLxgtk8NURxZ3IZwD3F6NtxbXZQCnnSi1Lkx+IDohdPlFp222wVALIheZJQSEg==}
    engines: {node: '>=8'}

  chalk@2.4.2:
    resolution: {integrity: sha512-Mti+f9lpJNcwF4tWV8/OrTTtF1gZi+f8FqlyAdouralcFWFQWF2+NgCHShjkCb+IFBLq9buZwE1xckQU4peSuQ==}
    engines: {node: '>=4'}

  chardet@0.4.2:
    resolution: {integrity: sha512-j/Toj7f1z98Hh2cYo2BVr85EpIRWqUi7rtRSGxh/cqUjqrnJe9l9UE7IUGd2vQ2p+kSHLkSzObQPZPLUC6TQwg==}

  cli-cursor@2.1.0:
    resolution: {integrity: sha512-8lgKz8LmCRYZZQDpRyT2m5rKJ08TnU4tR9FFFW2rxpxR1FzWi4PQ/NfyODchAatHaUgnSPVcx/R5w6NuTBzFiw==}
    engines: {node: '>=4'}

  cli-truncate@1.1.0:
    resolution: {integrity: sha512-bAtZo0u82gCfaAGfSNxUdTI9mNyza7D8w4CVCcaOsy7sgwDzvx6ekr6cuWJqY3UGzgnQ1+4wgENup5eIhgxEYA==}
    engines: {node: '>=4'}

  cli-width@2.2.1:
    resolution: {integrity: sha512-GRMWDxpOB6Dgk2E5Uo+3eEBvtOOlimMmpbFiKuLFnQzYDavtLFY3K5ona41jgN/WdRZtG7utuVSVTL4HbZHGkw==}

  clone@1.0.4:
    resolution: {integrity: sha512-JQHZ2QMW6l3aH/j6xCqQThY/9OH4D/9ls34cgkUBiEeocRTU04tHfKPBsUK1PqZCUQM7GiA0IIXJSuXHI64Kbg==}
    engines: {node: '>=0.8'}

  color-convert@1.9.3:
    resolution: {integrity: sha512-QfAUtd+vFdAtFQcC8CCyYt1fYWxSqAiK2cSD6zDB8N3cpsEBAvRxp9zOGg6G/SHHJYAT88/az/IuDGALsNVbGg==}

  color-convert@2.0.1:
    resolution: {integrity: sha512-RRECPsj7iu/xb5oKYcsFHSppFNnsj/52OVTRKb4zP5onXwVF3zVmmToNcOfGC+CRDpfK/U584fMg38ZHCaElKQ==}
    engines: {node: '>=7.0.0'}

  color-name@1.1.3:
    resolution: {integrity: sha512-72fSenhMw2HZMTVHeCA9KCmpEIbzWiQsjN+BHcBbS9vr1mtt+vJjPdksIBNUmKAW8TFUDPJK5SUU3QhE9NEXDw==}

  color-name@1.1.4:
    resolution: {integrity: sha512-dOy+3AuW3a2wNbZHIuMZpTcgjGuLU/uBL/ubcZF9OXbDo8ff4O8yVp5Bf0efS8uEoYo5q4Fx7dY9OgQGXgAsQA==}

  cz-emoji@1.3.2-canary.2:
    resolution: {integrity: sha512-XVH9N3P5sepyCRZGVqXJcEkVHT9dPcgBipTmZgkeQUhOJEtaGy0hakMcNdaq1d7N0ZwWVEnsCIs2m/NgLT+SaA==}
    engines: {node: '>=4'}

  defaults@1.0.4:
    resolution: {integrity: sha512-eFuaLoy/Rxalv2kr+lqMlUnrDWV+3j4pljOIJgLIhI058IQfWJ7vXhyEIHu+HtC738klGALYxOKDO0bQP3tg8A==}

  emoji-regex@8.0.0:
    resolution: {integrity: sha512-MSjYzcWNOA0ewAHpz0MxpYFvwg6yjy1NG3xteoqz644VCo/RPgnr1/GGt+ic3iJTzQ8Eu3TdM14SawnVUmGE6A==}

  error-ex@1.3.2:
    resolution: {integrity: sha512-7dFHNmqeFSEt2ZBsCriorKnn3Z2pj+fd9kmI6QoWw4//DL+icEBfc0U7qJCisqrTsKTjw4fNFy2pW9OqStD84g==}

  esbuild@0.21.5:
    resolution: {integrity: sha512-mg3OPMV4hXywwpoDxu3Qda5xCKQi+vCTZq8S9J/EpkhB2HzKXq4SNFZE3+NK93JYxc8VMSep+lOUSC/RVKaBqw==}
    engines: {node: '>=12'}
    hasBin: true

  escape-string-regexp@1.0.5:
    resolution: {integrity: sha512-vbRorB5FUQWvla16U8R/qgaFIya2qGzwDrNmCZuYKrbdSUMG6I1ZCGQRefkRVhuOkIGVne7BQ35DSfo1qvJqFg==}
    engines: {node: '>=0.8.0'}

  external-editor@2.2.0:
    resolution: {integrity: sha512-bSn6gvGxKt+b7+6TKEv1ZycHleA7aHhRHyAqJyp5pbUFuYYNIzpZnQDk7AsYckyWdEnTeAnay0aCy2aV6iTk9A==}
    engines: {node: '>=0.12'}

  figures@2.0.0:
    resolution: {integrity: sha512-Oa2M9atig69ZkfwiApY8F2Yy+tzMbazyvqv21R0NsSC8floSOC09BbT1ITWAdoMGQvJ/aZnR1KMwdx9tvHnTNA==}
    engines: {node: '>=4'}

  find-up@4.1.0:
    resolution: {integrity: sha512-PpOwAdQ/YlXQ2vj8a3h8IipDuYRi3wceVQQGYWxNINccq40Anw7BlsEXCMbt1Zt+OLA6Fq9suIpIWD0OsnISlw==}
    engines: {node: '>=8'}

  find-up@5.0.0:
    resolution: {integrity: sha512-78/PXT1wlLLDgTzDs7sjq9hzz0vXD+zn+7wypEe4fXQxCmdmqfGsEPQxmiCSQI3ajFV91bVSsvNtrJRiW6nGng==}
    engines: {node: '>=10'}

  fsevents@2.3.3:
    resolution: {integrity: sha512-5xoDfX+fL7faATnagmWPpbFtwh/R77WmMMqqHGS65C3vvB0YHrgF+B1YmZ3441tMj5n63k0212XNoJwzlhffQw==}
    engines: {node: ^8.16.0 || ^10.6.0 || >=11.0.0}
    os: [darwin]

  function-bind@1.1.2:
    resolution: {integrity: sha512-7XHNxH7qX9xG5mIwxkhumTox/MIRNcOgDrxWsMt2pAr23WHp6MrRlN7FBSFpCpr+oVO0F744iUgR82nJMfG2SA==}

  fuse.js@3.6.1:
    resolution: {integrity: sha512-hT9yh/tiinkmirKrlv4KWOjztdoZo1mx9Qh4KvWqC7isoXwdUY3PNWUxceF4/qO9R6riA2C29jdTOeQOIROjgw==}
    engines: {node: '>=6'}

  has-flag@3.0.0:
    resolution: {integrity: sha512-sKJf1+ceQBr4SMkvQnBDNDtf4TXpVhVGateu0t918bl30FnbE2m4vNLX+VWe/dpjlb+HugGYzW7uQXH98HPEYw==}
    engines: {node: '>=4'}

  hasown@2.0.2:
    resolution: {integrity: sha512-0hJU9SCPvmMzIBdZFqNPXWa6dqh7WdH0cII9y+CyS8rG3nL48Bclra9HmKhVVUHyPWNH5Y7xDwAB7bfgSjkUMQ==}
    engines: {node: '>= 0.4'}

  homedir@0.6.0:
    resolution: {integrity: sha512-KZFBHenkVuyyG4uaqRSXqWJr3HTxcaPguM7rU1BlH/mtbDlzaXNSXTa9AhV+fXEjrNemHu9vtLRIaM8/8OW0xA==}

  hosted-git-info@2.8.9:
    resolution: {integrity: sha512-mxIDAb9Lsm6DoOJ7xH+5+X4y1LU/4Hi50L9C5sIswK3JzULS4bwk1FvjdBgvYR4bzT4tuUQiC15FE2f5HbLvYw==}

  iconv-lite@0.4.24:
    resolution: {integrity: sha512-v3MXnZAcvnywkTUEZomIActle7RXXeedOR31wwl7VlyoXO4Qi9arvSenNQWne1TcRwhCL1HwLI21bEqdpj8/rA==}
    engines: {node: '>=0.10.0'}

  inquirer-autocomplete-prompt@0.12.2:
    resolution: {integrity: sha512-XbgPlnFdAboyUYWIrOkV8vh426BVZWzvbIKRkNY/aCvKhoCSWOO6ZQagAEOGA5ff2iOboNEaT1Wa/cM9ekj8jw==}

  inquirer-maxlength-input-prompt@1.0.2:
    resolution: {integrity: sha512-bRs4PfQ7k+M3dDGadFo4//PlEYwWV/tKMNHV0m1jVHSGocyLvlRLuWrNgDuVAmXiEydM5QgfEEP7hbWNtgv0oA==}
    engines: {node: '>=6.0.0'}

  inquirer@3.2.0:
    resolution: {integrity: sha512-4CyUYMP7lOBkiUU1rR24WGrfRX6SucwbY2Mqb1PdApU24wnTIk4TsnkQwV72dDdIKZ2ycLP+fWCV+tA7wwgoew==}

  inquirer@5.2.0:
    resolution: {integrity: sha512-E9BmnJbAKLPGonz0HeWHtbKf+EeSP93paWO3ZYoUpq/aowXvYGjjCSuashhXPpzbArIjBbji39THkxTz9ZeEUQ==}
    engines: {node: '>=6.0.0'}

  is-arrayish@0.2.1:
    resolution: {integrity: sha512-zz06S8t0ozoDXMG+ube26zeCTNXcKIPJZJi8hBrF4idCLms4CG9QtK7qBl1boi5ODzFpjswb5JPmHCbMpjaYzg==}

  is-core-module@2.15.0:
    resolution: {integrity: sha512-Dd+Lb2/zvk9SKy1TGCt1wFJFo/MWBPMX5x7KcvLajWTGuomczdQX61PvY5yK6SVACwpoexWo81IfFyoKY2QnTA==}
    engines: {node: '>= 0.4'}

  is-fullwidth-code-point@2.0.0:
    resolution: {integrity: sha512-VHskAKYM8RfSFXwee5t5cbN5PZeq1Wrh6qd5bkyiXIf6UQcN6w/A0eXM9r6t8d+GYOh+o6ZhiEnb88LN/Y8m2w==}
    engines: {node: '>=4'}

  is-fullwidth-code-point@3.0.0:
    resolution: {integrity: sha512-zymm5+u+sCsSWyD9qNaejV3DFvhCKclKdizYaJUuHA83RLjb7nSuGnddCHGv0hk+KY7BMAlsWeK4Ueg6EV6XQg==}
    engines: {node: '>=8'}

  js-tokens@4.0.0:
    resolution: {integrity: sha512-RdJUflcE3cUzKiMqQgsCu06FPu9UdIJO0beYbPhHN4k6apgJtifcoCtT9bcxOpYBtpD2kCM6Sbzg4CausW/PKQ==}

  json-parse-even-better-errors@2.3.1:
    resolution: {integrity: sha512-xyFwyhro/JEof6Ghe2iz2NcXoj2sloNsWr/XsERDK/oiPCfaNhl5ONfp+jQdAZRQQ0IJWNzH9zIZF7li91kh2w==}

  lines-and-columns@1.2.4:
    resolution: {integrity: sha512-7ylylesZQ/PV29jhEDl3Ufjo6ZX7gCqJr5F7PKrqc93v7fzSymt1BpwEU8nAUXs8qzzvqhbjhK5QZg6Mt/HkBg==}

  locate-path@5.0.0:
    resolution: {integrity: sha512-t7hw9pI+WvuwNJXwk5zVHpyhIqzg2qTlklJOf0mVxGSbe3Fp2VieZcduNYjaLDoy6p9uGpQEGWG87WpMKlNq8g==}
    engines: {node: '>=8'}

  locate-path@6.0.0:
    resolution: {integrity: sha512-iPZK6eYjbxRu3uB4/WZ3EsEIMJFMqAoopl3R+zuq0UjcAm/MO6KCweDgPfP3elTztoKP3KtnVHxTn2NHBSDVUw==}
    engines: {node: '>=10'}

  lodash.invoke@4.5.2:
    resolution: {integrity: sha512-SC4Usc0XbIKuz3eH7oNwPqibKHfTJSGVZwO/6eGhdoPzqexOY7z43pKo8xz0M5zzXSRteADV6fW7cRf6Ru0+VA==}

  lodash.isfunction@3.0.9:
    resolution: {integrity: sha512-AirXNj15uRIMMPihnkInB4i3NHeb4iBtNg9WRWuK2o31S+ePwwNmDPaTL3o7dTJ+VXNZim7rFs4rxN4YU1oUJw==}

  lodash.partialright@4.2.1:
    resolution: {integrity: sha512-yebmPMQZH7i4El6SdJTW9rn8irWl8VTcsmiWqm/I4sY8/ZjbSo0Z512HL6soeAu3mh5rhx5uIIo6kYJOQXbCxw==}

  lodash@4.17.21:
    resolution: {integrity: sha512-v2kDEe57lecTulaDIuNTPy3Ry4gLGJ6Z1O3vE1krgXZNrsQ+LFTGHVxVjcXPs17LhbZVGedAJv8XZ1tvj5FvSg==}

  mimic-fn@1.2.0:
    resolution: {integrity: sha512-jf84uxzwiuiIVKiOLpfYk7N46TSy8ubTonmneY9vrpHNAnp0QBt2BxWV9dO3/j+BoVAb+a5G6YDPW3M5HOdMWQ==}
    engines: {node: '>=4'}

  mute-stream@0.0.7:
    resolution: {integrity: sha512-r65nCZhrbXXb6dXOACihYApHw2Q6pV0M3V0PSxd74N0+D8nzAdEAITq2oAjA1jVnKI+tGvEBUpqiMh0+rW6zDQ==}

  nanoid@3.3.7:
    resolution: {integrity: sha512-eSRppjcPIatRIMC1U6UngP8XFcz8MQWGQdt1MTBQ7NaAmvXDfvNxbvWV3x2y6CdEUciCSsDHDQZbhYaB8QEo2g==}
    engines: {node: ^10 || ^12 || ^13.7 || ^14 || >=15.0.1}
    hasBin: true

  normalize-package-data@2.5.0:
    resolution: {integrity: sha512-/5CMN3T0R4XTj4DcGaexo+roZSdSFW/0AOOTROrjxzCG1wrWXEsGbRKevjlIL+ZDE4sZlJr5ED4YW0yqmkK+eA==}

  onetime@2.0.1:
    resolution: {integrity: sha512-oyyPpiMaKARvvcgip+JV+7zci5L8D1W9RZIz2l1o08AM3pfspitVWnPt3mzHcBPp12oYMTy0pqrFs/C+m3EwsQ==}
    engines: {node: '>=4'}

  os-tmpdir@1.0.2:
    resolution: {integrity: sha512-D2FR03Vir7FIu45XBY20mTb+/ZSWB00sjU9jdQXt83gDrI4Ztz5Fs7/yy74g2N5SVQY4xY1qDr4rNddwYRVX0g==}
    engines: {node: '>=0.10.0'}

  p-limit@2.3.0:
    resolution: {integrity: sha512-//88mFWSJx8lxCzwdAABTJL2MyWB12+eIY7MDL2SqLmAkeKU9qxRvWuSyTjm3FUmpBEMuFfckAIqEaVGUDxb6w==}
    engines: {node: '>=6'}

  p-limit@3.1.0:
    resolution: {integrity: sha512-TYOanM3wGwNGsZN2cVTYPArw454xnXj5qmWF1bEoAc4+cU/ol7GVh7odevjp1FNHduHc3KZMcFduxU5Xc6uJRQ==}
    engines: {node: '>=10'}

  p-locate@4.1.0:
    resolution: {integrity: sha512-R79ZZ/0wAxKGu3oYMlz8jy/kbhsNrS7SKZ7PxEHBgJ5+F2mtFW2fK2cOtBh1cHYkQsbzFV7I+EoRKe6Yt0oK7A==}
    engines: {node: '>=8'}

  p-locate@5.0.0:
    resolution: {integrity: sha512-LaNjtRWUBY++zB5nE/NwcaoMylSPk+S+ZHNB1TzdbMJMny6dynpAGt7X/tl/QYq3TIeE6nxHppbo2LGymrG5Pw==}
    engines: {node: '>=10'}

  p-try@2.2.0:
    resolution: {integrity: sha512-R4nPAVTAU0B9D35/Gk3uJf/7XYbQcyohSKdvAxIRSNghFl4e71hVoGnBNQz9cWaXxO2I10KTC+3jMdvvoKw6dQ==}
    engines: {node: '>=6'}

  pad@2.3.0:
    resolution: {integrity: sha512-lxrgnOG5AXmzMRT1O5urWtYFxHnFSE+QntgTHij1nvS4W+ubhQLmQRHmZXDeEvk9I00itAixLqU9Q6fE0gW3sw==}
    engines: {node: '>= 4.0.0'}

  parse-json@5.2.0:
    resolution: {integrity: sha512-ayCKvm/phCGxOkYRSCM82iDwct8/EonSEgCSxWxD7ve6jHggsFl4fZVQBPRNgQoKiuV/odhFrGzQXZwbifC8Rg==}
    engines: {node: '>=8'}

  path-exists@4.0.0:
    resolution: {integrity: sha512-ak9Qy5Q7jYb2Wwcey5Fpvg2KoAc/ZIhLSLOSBmRmygPsGwkVVt0fZa0qrtMz+m6tJTAHfZQ8FnmB4MG4LWy7/w==}
    engines: {node: '>=8'}

  path-parse@1.0.7:
    resolution: {integrity: sha512-LDJzPVEEEPR+y48z93A0Ed0yXb8pAByGWo/k5YYdYgpY2/2EsOsksJrq7lOHxryrVOn1ejG6oAp8ahvOIQD8sw==}

  picocolors@1.0.1:
    resolution: {integrity: sha512-anP1Z8qwhkbmu7MFP5iTt+wQKXgwzf7zTyGlcdzabySa9vd0Xt392U0rVmz9poOaBj0uHJKyyo9/upk0HrEQew==}

  postcss@8.4.40:
    resolution: {integrity: sha512-YF2kKIUzAofPMpfH6hOi2cGnv/HrUlfucspc7pDyvv7kGdqXrfj8SCl/t8owkEgKEuu8ZcRjSOxFxVLqwChZ2Q==}
    engines: {node: ^10 || ^12 || >=14}

  prettier@1.19.1:
    resolution: {integrity: sha512-s7PoyDv/II1ObgQunCbB9PdLmUcBZcnWOcxDh7O0N/UwDEsHyqkW+Qh28jW+mVuCdx7gLB0BotYI1Y6uI9iyew==}
    engines: {node: '>=4'}
    hasBin: true

  read-pkg-up@7.0.1:
    resolution: {integrity: sha512-zK0TB7Xd6JpCLmlLmufqykGE+/TlOePD6qKClNW7hHDKFh/J7/7gCWGR7joEQEW1bKq3a3yUZSObOoWLFQ4ohg==}
    engines: {node: '>=8'}

  read-pkg@5.2.0:
    resolution: {integrity: sha512-Ug69mNOpfvKDAc2Q8DRpMjjzdtrnv9HcSMX+4VsZxD1aZ6ZzrIE7rlzXBtWTyhULSMKg076AW6WR5iZpD0JiOg==}
    engines: {node: '>=8'}

  resolve@1.22.8:
    resolution: {integrity: sha512-oKWePCxqpd6FlLvGV1VU0x7bkPmmCNolxzjMf4NczoDnQcIWrAF+cPtZn5i6n+RfD2d9i0tzpKnG6Yk168yIyw==}
    hasBin: true

  restore-cursor@2.0.0:
    resolution: {integrity: sha512-6IzJLuGi4+R14vwagDHX+JrXmPVtPpn4mffDJ1UdR7/Edm87fl6yi8mMBIVvFtJaNTUvjughmW4hwLhRG7gC1Q==}
    engines: {node: '>=4'}

  rollup@4.19.2:
    resolution: {integrity: sha512-6/jgnN1svF9PjNYJ4ya3l+cqutg49vOZ4rVgsDKxdl+5gpGPnByFXWGyfH9YGx9i3nfBwSu1Iyu6vGwFFA0BdQ==}
    engines: {node: '>=18.0.0', npm: '>=8.0.0'}
    hasBin: true

  run-async@2.4.1:
    resolution: {integrity: sha512-tvVnVv01b8c1RrA6Ep7JkStj85Guv/YrMcwqYQnwjsAS2cTmmPGBBjAjpCW7RrSodNSoE2/qg9O4bceNvUuDgQ==}
    engines: {node: '>=0.12.0'}

  rx-lite-aggregates@4.0.8:
    resolution: {integrity: sha512-3xPNZGW93oCjiO7PtKxRK6iOVYBWBvtf9QHDfU23Oc+dLIQmAV//UnyXV/yihv81VS/UqoQPk4NegS8EFi55Hg==}

  rx-lite@4.0.8:
    resolution: {integrity: sha512-Cun9QucwK6MIrp3mry/Y7hqD1oFqTYLQ4pGxaHTjIdaFDWRGGLikqp6u8LcWJnzpoALg9hap+JGk8sFIUuEGNA==}

  rxjs@5.5.12:
    resolution: {integrity: sha512-xx2itnL5sBbqeeiVgNPVuQQ1nC8Jp2WfNJhXWHmElW9YmrpS9UVnNzhP3EH3HFqexO5Tlp8GhYY+WEcqcVMvGw==}
    engines: {npm: '>=2.0.0'}

  safer-buffer@2.1.2:
    resolution: {integrity: sha512-YZo3K82SD7Riyi0E1EQPojLz7kpepnSQI9IyPbHHg1XXXevb5dJI7tpyN2ADxGcQbHG7vcyRHk0cbwqcQriUtg==}

  semver@5.7.2:
    resolution: {integrity: sha512-cBznnQ9KjJqU67B52RMC65CMarK2600WFnbkcaiwWq3xy/5haFJlshgnpjovMVJ+Hff49d8GEn0b87C5pDQ10g==}
    hasBin: true

  signal-exit@3.0.7:
    resolution: {integrity: sha512-wnD2ZE+l+SPC/uoS0vXeE9L1+0wuaMqKlfz9AMUo38JsyLSBWSFcHR1Rri62LZc12vLr1gb3jl7iwQhgwpAbGQ==}

  slice-ansi@1.0.0:
    resolution: {integrity: sha512-POqxBK6Lb3q6s047D/XsDVNPnF9Dl8JSaqe9h9lURl0OdNqy/ujDrOiIHtsqXMGbWWTIomRzAMaTyawAU//Reg==}
    engines: {node: '>=4'}

  source-map-js@1.2.0:
    resolution: {integrity: sha512-itJW8lvSA0TXEphiRoawsCksnlf8SyvmFzIhltqAHluXd88pkCd+cXJVHTDwdCr0IzwptSm035IHQktUu1QUMg==}
    engines: {node: '>=0.10.0'}

  spdx-correct@3.2.0:
    resolution: {integrity: sha512-kN9dJbvnySHULIluDHy32WHRUu3Og7B9sbY7tsFLctQkIqnMh3hErYgdMjTYuqmcXX+lK5T1lnUt3G7zNswmZA==}

  spdx-exceptions@2.5.0:
    resolution: {integrity: sha512-PiU42r+xO4UbUS1buo3LPJkjlO7430Xn5SVAhdpzzsPHsjbYVflnnFdATgabnLude+Cqu25p6N+g2lw/PFsa4w==}

  spdx-expression-parse@3.0.1:
    resolution: {integrity: sha512-cbqHunsQWnJNE6KhVSMsMeH5H/L9EpymbzqTQ3uLwNCLZ1Q481oWaofqH7nO6V07xlXwY6PhQdQ2IedWx/ZK4Q==}

  spdx-license-ids@3.0.18:
    resolution: {integrity: sha512-xxRs31BqRYHwiMzudOrpSiHtZ8i/GeionCBDSilhYRj+9gIcI8wCZTlXZKu9vZIVqViP3dcp9qE5G6AlIaD+TQ==}

  string-width@2.1.1:
    resolution: {integrity: sha512-nOqH59deCq9SRHlxq1Aw85Jnt4w6KvLKqWVik6oA9ZklXLNIOlqg4F2yrT1MVaTjAqvVwdfeZ7w7aCvJD7ugkw==}
    engines: {node: '>=4'}

  string-width@4.2.3:
    resolution: {integrity: sha512-wKyQRQpjJ0sIp62ErSZdGsjMJWsap5oRNihHhu6G7JVO/9jIB6UyevL+tXuOqrng8j/cxKTWyWUwvSTriiZz/g==}
    engines: {node: '>=8'}

  strip-ansi@4.0.0:
    resolution: {integrity: sha512-4XaJ2zQdCzROZDivEVIDPkcQn8LMFSa8kj8Gxb/Lnwzv9A8VctNZ+lfivC/sV3ivW8ElJTERXZoPBRrZKkNKow==}
    engines: {node: '>=4'}

  strip-ansi@6.0.1:
    resolution: {integrity: sha512-Y38VPSHcqkFrCpFnQ9vuSXmquuv5oXOKpGeT6aGrr3o3Gc9AlVa6JBfUSOCnbxGGZF+/0ooI7KrPuUSztUdU5A==}
    engines: {node: '>=8'}

  supports-color@5.5.0:
    resolution: {integrity: sha512-QjVjwdXIt408MIiAqCX4oUKsgU2EqAGzs2Ppkm4aQYbjm+ZEWEcW4SfFNTr4uMNZma0ey4f5lgLrkB0aX0QMow==}
    engines: {node: '>=4'}

  supports-preserve-symlinks-flag@1.0.0:
    resolution: {integrity: sha512-ot0WnXS9fgdkgIcePe6RHNk1WA8+muPa6cSjeR3V8K27q9BB1rTE3R1p7Hv0z1ZyAc8s6Vvv8DIyWf681MAt0w==}
    engines: {node: '>= 0.4'}

  symbol-observable@1.0.1:
    resolution: {integrity: sha512-Kb3PrPYz4HanVF1LVGuAdW6LoVgIwjUYJGzFe7NDrBLCN4lsV/5J0MFurV+ygS4bRVwrCEt2c7MQ1R2a72oJDw==}
    engines: {node: '>=0.10.0'}

  through@2.3.8:
    resolution: {integrity: sha512-w89qg7PI8wAdvX60bMDP+bFoD5Dvhm9oLheFp5O4a2QF0cSBGsBX4qZmadPMvVqlLJBBci+WqGGOAPvcDeNSVg==}

  tmp@0.0.33:
    resolution: {integrity: sha512-jRCJlojKnZ3addtTOjdIqoRuPEKBvNXcGYqzO6zWZX8KfKEpnGY5jfggJQ3EjKuu8D4bJRr0y+cYJFmYbImXGw==}
    engines: {node: '>=0.6.0'}

  type-fest@0.6.0:
    resolution: {integrity: sha512-q+MB8nYR1KDLrgr4G5yemftpMC7/QLqVndBmEEdqzmNj5dcFOO4Oo8qlwZE3ULT3+Zim1F8Kq4cBnikNhlCMlg==}
    engines: {node: '>=8'}

  type-fest@0.8.1:
    resolution: {integrity: sha512-4dbzIzqvjtgiM5rw1k5rEHtBANKmdudhGyBEajN01fEyhaAIhsoKNy6y7+IN93IfpFtwY9iqi7kD+xwKhQsNJA==}
    engines: {node: '>=8'}

  typescript@5.5.4:
    resolution: {integrity: sha512-Mtq29sKDAEYP7aljRgtPOpTvOfbwRWlS6dPRzwjdE+C0R4brX/GUyhHSecbHMFLNBLcJIPt9nl9yG5TZ1weH+Q==}
    engines: {node: '>=14.17'}
    hasBin: true

  validate-npm-package-license@3.0.4:
    resolution: {integrity: sha512-DpKm2Ui/xN7/HQKCtpZxoRWBhZ9Z0kqtygG8XCgNQ8ZlDnxuQmWhj566j8fN4Cu3/JmbhsDo7fcAJq4s9h27Ew==}

  vite@5.3.5:
    resolution: {integrity: sha512-MdjglKR6AQXQb9JGiS7Rc2wC6uMjcm7Go/NHNO63EwiJXfuk9PgqiP/n5IDJCziMkfw9n4Ubp7lttNwz+8ZVKA==}
    engines: {node: ^18.0.0 || >=20.0.0}
    hasBin: true
    peerDependencies:
      '@types/node': ^18.0.0 || >=20.0.0
      less: '*'
      lightningcss: ^1.21.0
      sass: '*'
      stylus: '*'
      sugarss: '*'
      terser: ^5.4.0
    peerDependenciesMeta:
      '@types/node':
        optional: true
      less:
        optional: true
      lightningcss:
        optional: true
      sass:
        optional: true
      stylus:
        optional: true
      sugarss:
        optional: true
      terser:
        optional: true

  wcwidth@1.0.1:
    resolution: {integrity: sha512-XHPEwS0q6TaxcvG85+8EYkbiCux2XtWG2mkc47Ng2A77BQu9+DqIOJldST4HgPkuea7dvKSj5VgX3P1d4rW8Tg==}

  wrap-ansi@7.0.0:
    resolution: {integrity: sha512-YVGIj2kamLSTxw6NsZjoBxfSwsn0ycdesmc4p+Q21c5zPuZ1pl+NfxVdxPtdHvmNVOQ6XSYG4AUtyt/Fi7D16Q==}
    engines: {node: '>=10'}

  yocto-queue@0.1.0:
    resolution: {integrity: sha512-rVksvsnNCdJ/ohGc6xgPwyN8eheCxsiLM8mxuE/t/mOVqJewPuO1miLpTHQiRgTKCLexL4MeAFVagts7HmNZ2Q==}
    engines: {node: '>=10'}

snapshots:

  '@babel/code-frame@7.24.7':
    dependencies:
      '@babel/highlight': 7.24.7
      picocolors: 1.0.1

  '@babel/helper-validator-identifier@7.24.7': {}

  '@babel/highlight@7.24.7':
    dependencies:
      '@babel/helper-validator-identifier': 7.24.7
      chalk: 2.4.2
      js-tokens: 4.0.0
      picocolors: 1.0.1

  '@esbuild/aix-ppc64@0.21.5':
    optional: true

  '@esbuild/android-arm64@0.21.5':
    optional: true

  '@esbuild/android-arm@0.21.5':
    optional: true

  '@esbuild/android-x64@0.21.5':
    optional: true

  '@esbuild/darwin-arm64@0.21.5':
    optional: true

  '@esbuild/darwin-x64@0.21.5':
    optional: true

  '@esbuild/freebsd-arm64@0.21.5':
    optional: true

  '@esbuild/freebsd-x64@0.21.5':
    optional: true

  '@esbuild/linux-arm64@0.21.5':
    optional: true

  '@esbuild/linux-arm@0.21.5':
    optional: true

  '@esbuild/linux-ia32@0.21.5':
    optional: true

  '@esbuild/linux-loong64@0.21.5':
    optional: true

  '@esbuild/linux-mips64el@0.21.5':
    optional: true

  '@esbuild/linux-ppc64@0.21.5':
    optional: true

  '@esbuild/linux-riscv64@0.21.5':
    optional: true

  '@esbuild/linux-s390x@0.21.5':
    optional: true

  '@esbuild/linux-x64@0.21.5':
    optional: true

  '@esbuild/netbsd-x64@0.21.5':
    optional: true

  '@esbuild/openbsd-x64@0.21.5':
    optional: true

  '@esbuild/sunos-x64@0.21.5':
    optional: true

  '@esbuild/win32-arm64@0.21.5':
    optional: true

  '@esbuild/win32-ia32@0.21.5':
    optional: true

  '@esbuild/win32-x64@0.21.5':
    optional: true

  '@faker-js/faker@8.4.1': {}

  '@rollup/rollup-android-arm-eabi@4.19.2':
    optional: true

  '@rollup/rollup-android-arm64@4.19.2':
    optional: true

  '@rollup/rollup-darwin-arm64@4.19.2':
    optional: true

  '@rollup/rollup-darwin-x64@4.19.2':
    optional: true

  '@rollup/rollup-linux-arm-gnueabihf@4.19.2':
    optional: true

  '@rollup/rollup-linux-arm-musleabihf@4.19.2':
    optional: true

  '@rollup/rollup-linux-arm64-gnu@4.19.2':
    optional: true

  '@rollup/rollup-linux-arm64-musl@4.19.2':
    optional: true

  '@rollup/rollup-linux-powerpc64le-gnu@4.19.2':
    optional: true

  '@rollup/rollup-linux-riscv64-gnu@4.19.2':
    optional: true

  '@rollup/rollup-linux-s390x-gnu@4.19.2':
    optional: true

  '@rollup/rollup-linux-x64-gnu@4.19.2':
    optional: true

  '@rollup/rollup-linux-x64-musl@4.19.2':
    optional: true

  '@rollup/rollup-win32-arm64-msvc@4.19.2':
    optional: true

  '@rollup/rollup-win32-ia32-msvc@4.19.2':
    optional: true

  '@rollup/rollup-win32-x64-msvc@4.19.2':
    optional: true

  '@types/estree@1.0.5': {}

  '@types/googlemaps@3.43.3': {}

  '@types/normalize-package-data@2.4.4': {}

  ansi-escapes@2.0.0: {}

  ansi-escapes@3.2.0: {}

  ansi-regex@3.0.1: {}

  ansi-regex@5.0.1: {}

  ansi-styles@3.2.1:
    dependencies:
      color-convert: 1.9.3

  ansi-styles@4.3.0:
    dependencies:
      color-convert: 2.0.1

  chalk@2.4.2:
    dependencies:
      ansi-styles: 3.2.1
      escape-string-regexp: 1.0.5
      supports-color: 5.5.0

  chardet@0.4.2: {}

  cli-cursor@2.1.0:
    dependencies:
      restore-cursor: 2.0.0

  cli-truncate@1.1.0:
    dependencies:
      slice-ansi: 1.0.0
      string-width: 2.1.1

  cli-width@2.2.1: {}

  clone@1.0.4: {}

  color-convert@1.9.3:
    dependencies:
      color-name: 1.1.3

  color-convert@2.0.1:
    dependencies:
      color-name: 1.1.4

  color-name@1.1.3: {}

  color-name@1.1.4: {}

  cz-emoji@1.3.2-canary.2:
    dependencies:
      cli-truncate: 1.1.0
      find-up: 5.0.0
      fuse.js: 3.6.1
      homedir: 0.6.0
      inquirer-autocomplete-prompt: 0.12.2
      inquirer-maxlength-input-prompt: 1.0.2
      pad: 2.3.0
      prettier: 1.19.1
      read-pkg-up: 7.0.1
      wrap-ansi: 7.0.0

  defaults@1.0.4:
    dependencies:
      clone: 1.0.4

  emoji-regex@8.0.0: {}

  error-ex@1.3.2:
    dependencies:
      is-arrayish: 0.2.1

  esbuild@0.21.5:
    optionalDependencies:
      '@esbuild/aix-ppc64': 0.21.5
      '@esbuild/android-arm': 0.21.5
      '@esbuild/android-arm64': 0.21.5
      '@esbuild/android-x64': 0.21.5
      '@esbuild/darwin-arm64': 0.21.5
      '@esbuild/darwin-x64': 0.21.5
      '@esbuild/freebsd-arm64': 0.21.5
      '@esbuild/freebsd-x64': 0.21.5
      '@esbuild/linux-arm': 0.21.5
      '@esbuild/linux-arm64': 0.21.5
      '@esbuild/linux-ia32': 0.21.5
      '@esbuild/linux-loong64': 0.21.5
      '@esbuild/linux-mips64el': 0.21.5
      '@esbuild/linux-ppc64': 0.21.5
      '@esbuild/linux-riscv64': 0.21.5
      '@esbuild/linux-s390x': 0.21.5
      '@esbuild/linux-x64': 0.21.5
      '@esbuild/netbsd-x64': 0.21.5
      '@esbuild/openbsd-x64': 0.21.5
      '@esbuild/sunos-x64': 0.21.5
      '@esbuild/win32-arm64': 0.21.5
      '@esbuild/win32-ia32': 0.21.5
      '@esbuild/win32-x64': 0.21.5

  escape-string-regexp@1.0.5: {}

  external-editor@2.2.0:
    dependencies:
      chardet: 0.4.2
      iconv-lite: 0.4.24
      tmp: 0.0.33

  figures@2.0.0:
    dependencies:
      escape-string-regexp: 1.0.5

  find-up@4.1.0:
    dependencies:
      locate-path: 5.0.0
      path-exists: 4.0.0

  find-up@5.0.0:
    dependencies:
      locate-path: 6.0.0
      path-exists: 4.0.0

  fsevents@2.3.3:
    optional: true

  function-bind@1.1.2: {}

  fuse.js@3.6.1: {}

  has-flag@3.0.0: {}

  hasown@2.0.2:
    dependencies:
      function-bind: 1.1.2

  homedir@0.6.0: {}

  hosted-git-info@2.8.9: {}

  iconv-lite@0.4.24:
    dependencies:
      safer-buffer: 2.1.2

  inquirer-autocomplete-prompt@0.12.2:
    dependencies:
      ansi-escapes: 3.2.0
      chalk: 2.4.2
      figures: 2.0.0
      inquirer: 3.2.0
      run-async: 2.4.1

  inquirer-maxlength-input-prompt@1.0.2:
    dependencies:
      chalk: 2.4.2
      inquirer: 5.2.0
      lodash.invoke: 4.5.2
      lodash.isfunction: 3.0.9
      lodash.partialright: 4.2.1

  inquirer@3.2.0:
    dependencies:
      ansi-escapes: 2.0.0
      chalk: 2.4.2
      cli-cursor: 2.1.0
      cli-width: 2.2.1
      external-editor: 2.2.0
      figures: 2.0.0
      lodash: 4.17.21
      mute-stream: 0.0.7
      run-async: 2.4.1
      rx-lite: 4.0.8
      rx-lite-aggregates: 4.0.8
      string-width: 2.1.1
      strip-ansi: 4.0.0
      through: 2.3.8

  inquirer@5.2.0:
    dependencies:
      ansi-escapes: 3.2.0
      chalk: 2.4.2
      cli-cursor: 2.1.0
      cli-width: 2.2.1
      external-editor: 2.2.0
      figures: 2.0.0
      lodash: 4.17.21
      mute-stream: 0.0.7
      run-async: 2.4.1
      rxjs: 5.5.12
      string-width: 2.1.1
      strip-ansi: 4.0.0
      through: 2.3.8

  is-arrayish@0.2.1: {}

  is-core-module@2.15.0:
    dependencies:
      hasown: 2.0.2

  is-fullwidth-code-point@2.0.0: {}

  is-fullwidth-code-point@3.0.0: {}

  js-tokens@4.0.0: {}

  json-parse-even-better-errors@2.3.1: {}

  lines-and-columns@1.2.4: {}

  locate-path@5.0.0:
    dependencies:
      p-locate: 4.1.0

  locate-path@6.0.0:
    dependencies:
      p-locate: 5.0.0

  lodash.invoke@4.5.2: {}

  lodash.isfunction@3.0.9: {}

  lodash.partialright@4.2.1: {}

  lodash@4.17.21: {}

  mimic-fn@1.2.0: {}

  mute-stream@0.0.7: {}

  nanoid@3.3.7: {}

  normalize-package-data@2.5.0:
    dependencies:
      hosted-git-info: 2.8.9
      resolve: 1.22.8
      semver: 5.7.2
      validate-npm-package-license: 3.0.4

  onetime@2.0.1:
    dependencies:
      mimic-fn: 1.2.0

  os-tmpdir@1.0.2: {}

  p-limit@2.3.0:
    dependencies:
      p-try: 2.2.0

  p-limit@3.1.0:
    dependencies:
      yocto-queue: 0.1.0

  p-locate@4.1.0:
    dependencies:
      p-limit: 2.3.0

  p-locate@5.0.0:
    dependencies:
      p-limit: 3.1.0

  p-try@2.2.0: {}

  pad@2.3.0:
    dependencies:
      wcwidth: 1.0.1

  parse-json@5.2.0:
    dependencies:
      '@babel/code-frame': 7.24.7
      error-ex: 1.3.2
      json-parse-even-better-errors: 2.3.1
      lines-and-columns: 1.2.4

  path-exists@4.0.0: {}

  path-parse@1.0.7: {}

  picocolors@1.0.1: {}

  postcss@8.4.40:
    dependencies:
      nanoid: 3.3.7
      picocolors: 1.0.1
      source-map-js: 1.2.0

  prettier@1.19.1: {}

  read-pkg-up@7.0.1:
    dependencies:
      find-up: 4.1.0
      read-pkg: 5.2.0
      type-fest: 0.8.1

  read-pkg@5.2.0:
    dependencies:
      '@types/normalize-package-data': 2.4.4
      normalize-package-data: 2.5.0
      parse-json: 5.2.0
      type-fest: 0.6.0

  resolve@1.22.8:
    dependencies:
      is-core-module: 2.15.0
      path-parse: 1.0.7
      supports-preserve-symlinks-flag: 1.0.0

  restore-cursor@2.0.0:
    dependencies:
      onetime: 2.0.1
      signal-exit: 3.0.7

  rollup@4.19.2:
    dependencies:
      '@types/estree': 1.0.5
    optionalDependencies:
      '@rollup/rollup-android-arm-eabi': 4.19.2
      '@rollup/rollup-android-arm64': 4.19.2
      '@rollup/rollup-darwin-arm64': 4.19.2
      '@rollup/rollup-darwin-x64': 4.19.2
      '@rollup/rollup-linux-arm-gnueabihf': 4.19.2
      '@rollup/rollup-linux-arm-musleabihf': 4.19.2
      '@rollup/rollup-linux-arm64-gnu': 4.19.2
      '@rollup/rollup-linux-arm64-musl': 4.19.2
      '@rollup/rollup-linux-powerpc64le-gnu': 4.19.2
      '@rollup/rollup-linux-riscv64-gnu': 4.19.2
      '@rollup/rollup-linux-s390x-gnu': 4.19.2
      '@rollup/rollup-linux-x64-gnu': 4.19.2
      '@rollup/rollup-linux-x64-musl': 4.19.2
      '@rollup/rollup-win32-arm64-msvc': 4.19.2
      '@rollup/rollup-win32-ia32-msvc': 4.19.2
      '@rollup/rollup-win32-x64-msvc': 4.19.2
      fsevents: 2.3.3

  run-async@2.4.1: {}

  rx-lite-aggregates@4.0.8:
    dependencies:
      rx-lite: 4.0.8

  rx-lite@4.0.8: {}

  rxjs@5.5.12:
    dependencies:
      symbol-observable: 1.0.1

  safer-buffer@2.1.2: {}

  semver@5.7.2: {}

  signal-exit@3.0.7: {}

  slice-ansi@1.0.0:
    dependencies:
      is-fullwidth-code-point: 2.0.0

  source-map-js@1.2.0: {}

  spdx-correct@3.2.0:
    dependencies:
      spdx-expression-parse: 3.0.1
      spdx-license-ids: 3.0.18

  spdx-exceptions@2.5.0: {}

  spdx-expression-parse@3.0.1:
    dependencies:
      spdx-exceptions: 2.5.0
      spdx-license-ids: 3.0.18

  spdx-license-ids@3.0.18: {}

  string-width@2.1.1:
    dependencies:
      is-fullwidth-code-point: 2.0.0
      strip-ansi: 4.0.0

  string-width@4.2.3:
    dependencies:
      emoji-regex: 8.0.0
      is-fullwidth-code-point: 3.0.0
      strip-ansi: 6.0.1

  strip-ansi@4.0.0:
    dependencies:
      ansi-regex: 3.0.1

  strip-ansi@6.0.1:
    dependencies:
      ansi-regex: 5.0.1

  supports-color@5.5.0:
    dependencies:
      has-flag: 3.0.0

  supports-preserve-symlinks-flag@1.0.0: {}

  symbol-observable@1.0.1: {}

  through@2.3.8: {}

  tmp@0.0.33:
    dependencies:
      os-tmpdir: 1.0.2

  type-fest@0.6.0: {}

  type-fest@0.8.1: {}

  typescript@5.5.4: {}

  validate-npm-package-license@3.0.4:
    dependencies:
      spdx-correct: 3.2.0
      spdx-expression-parse: 3.0.1

  vite@5.3.5:
    dependencies:
      esbuild: 0.21.5
      postcss: 8.4.40
      rollup: 4.19.2
    optionalDependencies:
      fsevents: 2.3.3

  wcwidth@1.0.1:
    dependencies:
      defaults: 1.0.4

  wrap-ansi@7.0.0:
    dependencies:
      ansi-styles: 4.3.0
      string-width: 4.2.3
      strip-ansi: 6.0.1

  yocto-queue@0.1.0: {}
